
Microsoft Visual Studio Solution File, Format Version 12.00
# Visual Studio Version 17
VisualStudioVersion = 17.0.31912.275
MinimumVisualStudioVersion = 10.0.40219.1
Project("{9A19103F-16F7-4668-BE54-9A1E7A4F7556}") = "Console", "Console\Console.csproj", "{A10539BD-F403-4FC6-8286-FFC49899F7D7}"
EndProject
Project("{9A19103F-16F7-4668-BE54-9A1E7A4F7556}") = "Common", "Common\Common.csproj", "{3D8B6CBB-5193-4588-A406-246CE653B586}"
EndProject
Project("{2150E333-8FDC-42A3-9474-1A3956D46DE8}") = ".solution", ".solution", "{FE5B5F2D-ED4F-472F-8F86-A92B491EF89E}"
	ProjectSection(SolutionItems) = preProject
		..\.dockerignore = ..\.dockerignore
		..\.gitignore = ..\.gitignore
		..\configuration.example.json = ..\configuration.example.json
		..\configuration.local.json = ..\configuration.local.json
		..\docker-compose.yaml = ..\docker-compose.yaml
		..\Dockerfile = ..\Dockerfile
		..\entrypoint.sh = ..\entrypoint.sh
		..\LICENSE = ..\LICENSE
		..\README.md = ..\README.md
	EndProjectSection
EndProject
Global
	GlobalSection(SolutionConfigurationPlatforms) = preSolution
		Debug|Any CPU = Debug|Any CPU
		Release|Any CPU = Release|Any CPU
	EndGlobalSection
	GlobalSection(ProjectConfigurationPlatforms) = postSolution
		{A10539BD-F403-4FC6-8286-FFC49899F7D7}.Debug|Any CPU.ActiveCfg = Debug|Any CPU
		{A10539BD-F403-4FC6-8286-FFC49899F7D7}.Debug|Any CPU.Build.0 = Debug|Any CPU
		{A10539BD-F403-4FC6-8286-FFC49899F7D7}.Release|Any CPU.ActiveCfg = Release|Any CPU
		{A10539BD-F403-4FC6-8286-FFC49899F7D7}.Release|Any CPU.Build.0 = Release|Any CPU
		{3D8B6CBB-5193-4588-A406-246CE653B586}.Debug|Any CPU.ActiveCfg = Debug|Any CPU
		{3D8B6CBB-5193-4588-A406-246CE653B586}.Debug|Any CPU.Build.0 = Debug|Any CPU
		{3D8B6CBB-5193-4588-A406-246CE653B586}.Release|Any CPU.ActiveCfg = Release|Any CPU
		{3D8B6CBB-5193-4588-A406-246CE653B586}.Release|Any CPU.Build.0 = Release|Any CPU
	EndGlobalSection
	GlobalSection(SolutionProperties) = preSolution
		HideSolutionNode = FALSE
	EndGlobalSection
	GlobalSection(ExtensibilityGlobals) = postSolution
		SolutionGuid = {DC17040C-01F3-44B3-A456-9B79C3B3A7DA}
	EndGlobalSection
EndGlobal
